
Microsoft Visual Studio Solution File, Format Version 12.00
# Visual Studio 2012
Project("{8BC9CEB8-8B4A-11D0-8D11-00A0C91BC942}") = "OpenCv1", "OpenCv1\OpenCv1.vcxproj", "{4D8E15C9-0528-439A-A554-AD5667C2B7DC}"
EndProject
Global
	GlobalSection(SolutionConfigurationPlatforms) = preSolution
		Debug|Win32 = Debug|Win32
		Release|Win32 = Release|Win32
	EndGlobalSection
	GlobalSection(ProjectConfigurationPlatforms) = postSolution
		{4D8E15C9-0528-439A-A554-AD5667C2B7DC}.Debug|Win32.ActiveCfg = Debug|Win32
		{4D8E15C9-0528-439A-A554-AD5667C2B7DC}.Debug|Win32.Build.0 = Debug|Win32
		{4D8E15C9-0528-439A-A554-AD5667C2B7DC}.Release|Win32.ActiveCfg = Release|Win32
		{4D8E15C9-0528-439A-A554-AD5667C2B7DC}.Release|Win32.Build.0 = Release|Win32
	EndGlobalSection
	GlobalSection(SolutionProperties) = preSolution
		HideSolutionNode = FALSE
	EndGlobalSection
EndGlobal
